
Microsoft Visual Studio Solution File, Format Version 12.00
# Visual Studio Version 17
VisualStudioVersion = 17.9.34701.34
MinimumVisualStudioVersion = 10.0.40219.1
Project("{9A19103F-16F7-4668-BE54-9A1E7A4F7556}") = "AppTheme-AgenceSesame", "AppTheme-AgenceSesame.csproj", "{48A0E13C-0AA5-4C1C-981F-9EEAB05F6AD6}"
EndProject
Global
	GlobalSection(SolutionConfigurationPlatforms) = preSolution
		Debug|Any CPU = Debug|Any CPU
		Release|Any CPU = Release|Any CPU
	EndGlobalSection
	GlobalSection(ProjectConfigurationPlatforms) = postSolution
		{48A0E13C-0AA5-4C1C-981F-9EEAB05F6AD6}.Debug|Any CPU.ActiveCfg = Debug|Any CPU
		{48A0E13C-0AA5-4C1C-981F-9EEAB05F6AD6}.Debug|Any CPU.Build.0 = Debug|Any CPU
		{48A0E13C-0AA5-4C1C-981F-9EEAB05F6AD6}.Release|Any CPU.ActiveCfg = Release|Any CPU
		{48A0E13C-0AA5-4C1C-981F-9EEAB05F6AD6}.Release|Any CPU.Build.0 = Release|Any CPU
	EndGlobalSection
	GlobalSection(SolutionProperties) = preSolution
		HideSolutionNode = FALSE
	EndGlobalSection
	GlobalSection(ExtensibilityGlobals) = postSolution
		SolutionGuid = {CA449311-4926-4268-8742-9E5083502216}
	EndGlobalSection
EndGlobal
